
Microsoft Visual Studio Solution File, Format Version 12.00
# Visual Studio Version 16
VisualStudioVersion = 16.0.29728.190
MinimumVisualStudioVersion = 10.0.40219.1
Project("{FAE04EC0-301F-11D3-BF4B-00C04F79EFBC}") = "study_01.UWP", "study_01\study_01.UWP\study_01.UWP.csproj", "{C687FD93-0B66-4CA9-8CFE-0F712369BD81}"
EndProject
Project("{FAE04EC0-301F-11D3-BF4B-00C04F79EFBC}") = "study_01.Android", "study_01\study_01.Android\study_01.Android.csproj", "{9B78A246-57B8-42A5-AF98-A6046A7BB8C5}"
EndProject
Project("{FAE04EC0-301F-11D3-BF4B-00C04F79EFBC}") = "study_01.iOS", "study_01\study_01.iOS\study_01.iOS.csproj", "{7B05A37C-46DB-4129-B74A-2DEBE6613EA1}"
EndProject
Project("{FAE04EC0-301F-11D3-BF4B-00C04F79EFBC}") = "study_01", "study_01\study_01\study_01.csproj", "{0A9A1E66-EA01-43C3-9371-D04D626ACEFE}"
EndProject
Global
	GlobalSection(SolutionConfigurationPlatforms) = preSolution
		Debug|Any CPU = Debug|Any CPU
		Debug|ARM = Debug|ARM
		Debug|iPhone = Debug|iPhone
		Debug|iPhoneSimulator = Debug|iPhoneSimulator
		Debug|x64 = Debug|x64
		Debug|x86 = Debug|x86
		Release|Any CPU = Release|Any CPU
		Release|ARM = Release|ARM
		Release|iPhone = Release|iPhone
		Release|iPhoneSimulator = Release|iPhoneSimulator
		Release|x64 = Release|x64
		Release|x86 = Release|x86
	EndGlobalSection
	GlobalSection(ProjectConfigurationPlatforms) = postSolution
		{C687FD93-0B66-4CA9-8CFE-0F712369BD81}.Debug|Any CPU.ActiveCfg = Debug|x86
		{C687FD93-0B66-4CA9-8CFE-0F712369BD81}.Debug|Any CPU.Build.0 = Debug|x86
		{C687FD93-0B66-4CA9-8CFE-0F712369BD81}.Debug|Any CPU.Deploy.0 = Debug|x86
		{C687FD93-0B66-4CA9-8CFE-0F712369BD81}.Debug|ARM.ActiveCfg = Debug|ARM
		{C687FD93-0B66-4CA9-8CFE-0F712369BD81}.Debug|ARM.Build.0 = Debug|ARM
		{C687FD93-0B66-4CA9-8CFE-0F712369BD81}.Debug|ARM.Deploy.0 = Debug|ARM
		{C687FD93-0B66-4CA9-8CFE-0F712369BD81}.Debug|iPhone.ActiveCfg = Debug|x86
		{C687FD93-0B66-4CA9-8CFE-0F712369BD81}.Debug|iPhone.Build.0 = Debug|x86
		{C687FD93-0B66-4CA9-8CFE-0F712369BD81}.Debug|iPhone.Deploy.0 = Debug|x86
		{C687FD93-0B66-4CA9-8CFE-0F712369BD81}.Debug|iPhoneSimulator.ActiveCfg = Debug|x86
		{C687FD93-0B66-4CA9-8CFE-0F712369BD81}.Debug|iPhoneSimulator.Build.0 = Debug|x86
		{C687FD93-0B66-4CA9-8CFE-0F712369BD81}.Debug|iPhoneSimulator.Deploy.0 = Debug|x86
		{C687FD93-0B66-4CA9-8CFE-0F712369BD81}.Debug|x64.ActiveCfg = Debug|x64
		{C687FD93-0B66-4CA9-8CFE-0F712369BD81}.Debug|x64.Build.0 = Debug|x64
		{C687FD93-0B66-4CA9-8CFE-0F712369BD81}.Debug|x64.Deploy.0 = Debug|x64
		{C687FD93-0B66-4CA9-8CFE-0F712369BD81}.Debug|x86.ActiveCfg = Debug|x86
		{C687FD93-0B66-4CA9-8CFE-0F712369BD81}.Debug|x86.Build.0 = Debug|x86
		{C687FD93-0B66-4CA9-8CFE-0F712369BD81}.Debug|x86.Deploy.0 = Debug|x86
		{C687FD93-0B66-4CA9-8CFE-0F712369BD81}.Release|Any CPU.ActiveCfg = Release|x86
		{C687FD93-0B66-4CA9-8CFE-0F712369BD81}.Release|Any CPU.Build.0 = Release|x86
		{C687FD93-0B66-4CA9-8CFE-0F712369BD81}.Release|Any CPU.Deploy.0 = Release|x86
		{C687FD93-0B66-4CA9-8CFE-0F712369BD81}.Release|ARM.ActiveCfg = Release|ARM
		{C687FD93-0B66-4CA9-8CFE-0F712369BD81}.Release|ARM.Build.0 = Release|ARM
		{C687FD93-0B66-4CA9-8CFE-0F712369BD81}.Release|ARM.Deploy.0 = Release|ARM
		{C687FD93-0B66-4CA9-8CFE-0F712369BD81}.Release|iPhone.ActiveCfg = Release|x86
		{C687FD93-0B66-4CA9-8CFE-0F712369BD81}.Release|iPhone.Build.0 = Release|x86
		{C687FD93-0B66-4CA9-8CFE-0F712369BD81}.Release|iPhone.Deploy.0 = Release|x86
		{C687FD93-0B66-4CA9-8CFE-0F712369BD81}.Release|iPhoneSimulator.ActiveCfg = Release|x86
		{C687FD93-0B66-4CA9-8CFE-0F712369BD81}.Release|iPhoneSimulator.Build.0 = Release|x86
		{C687FD93-0B66-4CA9-8CFE-0F712369BD81}.Release|iPhoneSimulator.Deploy.0 = Release|x86
		{C687FD93-0B66-4CA9-8CFE-0F712369BD81}.Release|x64.ActiveCfg = Release|x64
		{C687FD93-0B66-4CA9-8CFE-0F712369BD81}.Release|x64.Build.0 = Release|x64
		{C687FD93-0B66-4CA9-8CFE-0F712369BD81}.Release|x64.Deploy.0 = Release|x64
		{C687FD93-0B66-4CA9-8CFE-0F712369BD81}.Release|x86.ActiveCfg = Release|x86
		{C687FD93-0B66-4CA9-8CFE-0F712369BD81}.Release|x86.Build.0 = Release|x86
		{C687FD93-0B66-4CA9-8CFE-0F712369BD81}.Release|x86.Deploy.0 = Release|x86
		{9B78A246-57B8-42A5-AF98-A6046A7BB8C5}.Debug|Any CPU.ActiveCfg = Debug|Any CPU
		{9B78A246-57B8-42A5-AF98-A6046A7BB8C5}.Debug|Any CPU.Build.0 = Debug|Any CPU
		{9B78A246-57B8-42A5-AF98-A6046A7BB8C5}.Debug|Any CPU.Deploy.0 = Debug|Any CPU
		{9B78A246-57B8-42A5-AF98-A6046A7BB8C5}.Debug|ARM.ActiveCfg = Debug|Any CPU
		{9B78A246-57B8-42A5-AF98-A6046A7BB8C5}.Debug|ARM.Build.0 = Debug|Any CPU
		{9B78A246-57B8-42A5-AF98-A6046A7BB8C5}.Debug|ARM.Deploy.0 = Debug|Any CPU
		{9B78A246-57B8-42A5-AF98-A6046A7BB8C5}.Debug|iPhone.ActiveCfg = Debug|Any CPU
		{9B78A246-57B8-42A5-AF98-A6046A7BB8C5}.Debug|iPhone.Build.0 = Debug|Any CPU
		{9B78A246-57B8-42A5-AF98-A6046A7BB8C5}.Debug|iPhone.Deploy.0 = Debug|Any CPU
		{9B78A246-57B8-42A5-AF98-A6046A7BB8C5}.Debug|iPhoneSimulator.ActiveCfg = Debug|Any CPU
		{9B78A246-57B8-42A5-AF98-A6046A7BB8C5}.Debug|iPhoneSimulator.Build.0 = Debug|Any CPU
		{9B78A246-57B8-42A5-AF98-A6046A7BB8C5}.Debug|iPhoneSimulator.Deploy.0 = Debug|Any CPU
		{9B78A246-57B8-42A5-AF98-A6046A7BB8C5}.Debug|x64.ActiveCfg = Debug|Any CPU
		{9B78A246-57B8-42A5-AF98-A6046A7BB8C5}.Debug|x64.Build.0 = Debug|Any CPU
		{9B78A246-57B8-42A5-AF98-A6046A7BB8C5}.Debug|x64.Deploy.0 = Debug|Any CPU
		{9B78A246-57B8-42A5-AF98-A6046A7BB8C5}.Debug|x86.ActiveCfg = Debug|Any CPU
		{9B78A246-57B8-42A5-AF98-A6046A7BB8C5}.Debug|x86.Build.0 = Debug|Any CPU
		{9B78A246-57B8-42A5-AF98-A6046A7BB8C5}.Debug|x86.Deploy.0 = Debug|Any CPU
		{9B78A246-57B8-42A5-AF98-A6046A7BB8C5}.Release|Any CPU.ActiveCfg = Release|Any CPU
		{9B78A246-57B8-42A5-AF98-A6046A7BB8C5}.Release|Any CPU.Build.0 = Release|Any CPU
		{9B78A246-57B8-42A5-AF98-A6046A7BB8C5}.Release|Any CPU.Deploy.0 = Release|Any CPU
		{9B78A246-57B8-42A5-AF98-A6046A7BB8C5}.Release|ARM.ActiveCfg = Release|Any CPU
		{9B78A246-57B8-42A5-AF98-A6046A7BB8C5}.Release|ARM.Build.0 = Release|Any CPU
		{9B78A246-57B8-42A5-AF98-A6046A7BB8C5}.Release|ARM.Deploy.0 = Release|Any CPU
		{9B78A246-57B8-42A5-AF98-A6046A7BB8C5}.Release|iPhone.ActiveCfg = Release|Any CPU
		{9B78A246-57B8-42A5-AF98-A6046A7BB8C5}.Release|iPhone.Build.0 = Release|Any CPU
		{9B78A246-57B8-42A5-AF98-A6046A7BB8C5}.Release|iPhone.Deploy.0 = Release|Any CPU
		{9B78A246-57B8-42A5-AF98-A6046A7BB8C5}.Release|iPhoneSimulator.ActiveCfg = Release|Any CPU
		{9B78A246-57B8-42A5-AF98-A6046A7BB8C5}.Release|iPhoneSimulator.Build.0 = Release|Any CPU
		{9B78A246-57B8-42A5-AF98-A6046A7BB8C5}.Release|iPhoneSimulator.Deploy.0 = Release|Any CPU
		{9B78A246-57B8-42A5-AF98-A6046A7BB8C5}.Release|x64.ActiveCfg = Release|Any CPU
		{9B78A246-57B8-42A5-AF98-A6046A7BB8C5}.Release|x64.Build.0 = Release|Any CPU
		{9B78A246-57B8-42A5-AF98-A6046A7BB8C5}.Release|x64.Deploy.0 = Release|Any CPU
		{9B78A246-57B8-42A5-AF98-A6046A7BB8C5}.Release|x86.ActiveCfg = Release|Any CPU
		{9B78A246-57B8-42A5-AF98-A6046A7BB8C5}.Release|x86.Build.0 = Release|Any CPU
		{9B78A246-57B8-42A5-AF98-A6046A7BB8C5}.Release|x86.Deploy.0 = Release|Any CPU
		{7B05A37C-46DB-4129-B74A-2DEBE6613EA1}.Debug|Any CPU.ActiveCfg = Debug|iPhone
		{7B05A37C-46DB-4129-B74A-2DEBE6613EA1}.Debug|Any CPU.Build.0 = Debug|iPhone
		{7B05A37C-46DB-4129-B74A-2DEBE6613EA1}.Debug|Any CPU.Deploy.0 = Debug|iPhone
		{7B05A37C-46DB-4129-B74A-2DEBE6613EA1}.Debug|ARM.ActiveCfg = Debug|iPhoneSimulator
		{7B05A37C-46DB-4129-B74A-2DEBE6613EA1}.Debug|ARM.Build.0 = Debug|iPhoneSimulator
		{7B05A37C-46DB-4129-B74A-2DEBE6613EA1}.Debug|ARM.Deploy.0 = Debug|iPhoneSimulator
		{7B05A37C-46DB-4129-B74A-2DEBE6613EA1}.Debug|iPhone.ActiveCfg = Debug|iPhone
		{7B05A37C-46DB-4129-B74A-2DEBE6613EA1}.Debug|iPhone.Build.0 = Debug|iPhone
		{7B05A37C-46DB-4129-B74A-2DEBE6613EA1}.Debug|iPhone.Deploy.0 = Debug|iPhone
		{7B05A37C-46DB-4129-B74A-2DEBE6613EA1}.Debug|iPhoneSimulator.ActiveCfg = Debug|iPhoneSimulator
		{7B05A37C-46DB-4129-B74A-2DEBE6613EA1}.Debug|iPhoneSimulator.Build.0 = Debug|iPhoneSimulator
		{7B05A37C-46DB-4129-B74A-2DEBE6613EA1}.Debug|iPhoneSimulator.Deploy.0 = Debug|iPhoneSimulator
		{7B05A37C-46DB-4129-B74A-2DEBE6613EA1}.Debug|x64.ActiveCfg = Debug|iPhone
		{7B05A37C-46DB-4129-B74A-2DEBE6613EA1}.Debug|x64.Build.0 = Debug|iPhone
		{7B05A37C-46DB-4129-B74A-2DEBE6613EA1}.Debug|x64.Deploy.0 = Debug|iPhone
		{7B05A37C-46DB-4129-B74A-2DEBE6613EA1}.Debug|x86.ActiveCfg = Debug|iPhone
		{7B05A37C-46DB-4129-B74A-2DEBE6613EA1}.Debug|x86.Build.0 = Debug|iPhone
		{7B05A37C-46DB-4129-B74A-2DEBE6613EA1}.Debug|x86.Deploy.0 = Debug|iPhone
		{7B05A37C-46DB-4129-B74A-2DEBE6613EA1}.Release|Any CPU.ActiveCfg = Release|iPhone
		{7B05A37C-46DB-4129-B74A-2DEBE6613EA1}.Release|Any CPU.Build.0 = Release|iPhone
		{7B05A37C-46DB-4129-B74A-2DEBE6613EA1}.Release|Any CPU.Deploy.0 = Release|iPhone
		{7B05A37C-46DB-4129-B74A-2DEBE6613EA1}.Release|ARM.ActiveCfg = Release|iPhone
		{7B05A37C-46DB-4129-B74A-2DEBE6613EA1}.Release|ARM.Build.0 = Release|iPhone
		{7B05A37C-46DB-4129-B74A-2DEBE6613EA1}.Release|ARM.Deploy.0 = Release|iPhone
		{7B05A37C-46DB-4129-B74A-2DEBE6613EA1}.Release|iPhone.ActiveCfg = Release|iPhone
		{7B05A37C-46DB-4129-B74A-2DEBE6613EA1}.Release|iPhone.Build.0 = Release|iPhone
		{7B05A37C-46DB-4129-B74A-2DEBE6613EA1}.Release|iPhone.Deploy.0 = Release|iPhone
		{7B05A37C-46DB-4129-B74A-2DEBE6613EA1}.Release|iPhoneSimulator.ActiveCfg = Release|iPhoneSimulator
		{7B05A37C-46DB-4129-B74A-2DEBE6613EA1}.Release|iPhoneSimulator.Build.0 = Release|iPhoneSimulator
		{7B05A37C-46DB-4129-B74A-2DEBE6613EA1}.Release|iPhoneSimulator.Deploy.0 = Release|iPhoneSimulator
		{7B05A37C-46DB-4129-B74A-2DEBE6613EA1}.Release|x64.ActiveCfg = Release|iPhone
		{7B05A37C-46DB-4129-B74A-2DEBE6613EA1}.Release|x64.Build.0 = Release|iPhone
		{7B05A37C-46DB-4129-B74A-2DEBE6613EA1}.Release|x64.Deploy.0 = Release|iPhone
		{7B05A37C-46DB-4129-B74A-2DEBE6613EA1}.Release|x86.ActiveCfg = Release|iPhone
		{7B05A37C-46DB-4129-B74A-2DEBE6613EA1}.Release|x86.Build.0 = Release|iPhone
		{7B05A37C-46DB-4129-B74A-2DEBE6613EA1}.Release|x86.Deploy.0 = Release|iPhone
		{0A9A1E66-EA01-43C3-9371-D04D626ACEFE}.Debug|Any CPU.ActiveCfg = Debug|Any CPU
		{0A9A1E66-EA01-43C3-9371-D04D626ACEFE}.Debug|Any CPU.Build.0 = Debug|Any CPU
		{0A9A1E66-EA01-43C3-9371-D04D626ACEFE}.Debug|Any CPU.Deploy.0 = Debug|Any CPU
		{0A9A1E66-EA01-43C3-9371-D04D626ACEFE}.Debug|ARM.ActiveCfg = Debug|Any CPU
		{0A9A1E66-EA01-43C3-9371-D04D626ACEFE}.Debug|ARM.Build.0 = Debug|Any CPU
		{0A9A1E66-EA01-43C3-9371-D04D626ACEFE}.Debug|ARM.Deploy.0 = Debug|Any CPU
		{0A9A1E66-EA01-43C3-9371-D04D626ACEFE}.Debug|iPhone.ActiveCfg = Debug|Any CPU
		{0A9A1E66-EA01-43C3-9371-D04D626ACEFE}.Debug|iPhone.Build.0 = Debug|Any CPU
		{0A9A1E66-EA01-43C3-9371-D04D626ACEFE}.Debug|iPhone.Deploy.0 = Debug|Any CPU
		{0A9A1E66-EA01-43C3-9371-D04D626ACEFE}.Debug|iPhoneSimulator.ActiveCfg = Debug|Any CPU
		{0A9A1E66-EA01-43C3-9371-D04D626ACEFE}.Debug|iPhoneSimulator.Build.0 = Debug|Any CPU
		{0A9A1E66-EA01-43C3-9371-D04D626ACEFE}.Debug|iPhoneSimulator.Deploy.0 = Debug|Any CPU
		{0A9A1E66-EA01-43C3-9371-D04D626ACEFE}.Debug|x64.ActiveCfg = Debug|Any CPU
		{0A9A1E66-EA01-43C3-9371-D04D626ACEFE}.Debug|x64.Build.0 = Debug|Any CPU
		{0A9A1E66-EA01-43C3-9371-D04D626ACEFE}.Debug|x64.Deploy.0 = Debug|Any CPU
		{0A9A1E66-EA01-43C3-9371-D04D626ACEFE}.Debug|x86.ActiveCfg = Debug|Any CPU
		{0A9A1E66-EA01-43C3-9371-D04D626ACEFE}.Debug|x86.Build.0 = Debug|Any CPU
		{0A9A1E66-EA01-43C3-9371-D04D626ACEFE}.Debug|x86.Deploy.0 = Debug|Any CPU
		{0A9A1E66-EA01-43C3-9371-D04D626ACEFE}.Release|Any CPU.ActiveCfg = Release|Any CPU
		{0A9A1E66-EA01-43C3-9371-D04D626ACEFE}.Release|Any CPU.Build.0 = Release|Any CPU
		{0A9A1E66-EA01-43C3-9371-D04D626ACEFE}.Release|Any CPU.Deploy.0 = Release|Any CPU
		{0A9A1E66-EA01-43C3-9371-D04D626ACEFE}.Release|ARM.ActiveCfg = Release|Any CPU
		{0A9A1E66-EA01-43C3-9371-D04D626ACEFE}.Release|ARM.Build.0 = Release|Any CPU
		{0A9A1E66-EA01-43C3-9371-D04D626ACEFE}.Release|ARM.Deploy.0 = Release|Any CPU
		{0A9A1E66-EA01-43C3-9371-D04D626ACEFE}.Release|iPhone.ActiveCfg = Release|Any CPU
		{0A9A1E66-EA01-43C3-9371-D04D626ACEFE}.Release|iPhone.Build.0 = Release|Any CPU
		{0A9A1E66-EA01-43C3-9371-D04D626ACEFE}.Release|iPhone.Deploy.0 = Release|Any CPU
		{0A9A1E66-EA01-43C3-9371-D04D626ACEFE}.Release|iPhoneSimulator.ActiveCfg = Release|Any CPU
		{0A9A1E66-EA01-43C3-9371-D04D626ACEFE}.Release|iPhoneSimulator.Build.0 = Release|Any CPU
		{0A9A1E66-EA01-43C3-9371-D04D626ACEFE}.Release|iPhoneSimulator.Deploy.0 = Release|Any CPU
		{0A9A1E66-EA01-43C3-9371-D04D626ACEFE}.Release|x64.ActiveCfg = Release|Any CPU
		{0A9A1E66-EA01-43C3-9371-D04D626ACEFE}.Release|x64.Build.0 = Release|Any CPU
		{0A9A1E66-EA01-43C3-9371-D04D626ACEFE}.Release|x64.Deploy.0 = Release|Any CPU
		{0A9A1E66-EA01-43C3-9371-D04D626ACEFE}.Release|x86.ActiveCfg = Release|Any CPU
		{0A9A1E66-EA01-43C3-9371-D04D626ACEFE}.Release|x86.Build.0 = Release|Any CPU
		{0A9A1E66-EA01-43C3-9371-D04D626ACEFE}.Release|x86.Deploy.0 = Release|Any CPU
	EndGlobalSection
	GlobalSection(SolutionProperties) = preSolution
		HideSolutionNode = FALSE
	EndGlobalSection
	GlobalSection(ExtensibilityGlobals) = postSolution
		SolutionGuid = {E1B42D89-002C-4F31-A035-EDF8057BF9CA}
	EndGlobalSection
EndGlobal
